
Microsoft Visual Studio Solution File, Format Version 12.00
# Visual Studio 15
VisualStudioVersion = 15.0.26730.12
MinimumVisualStudioVersion = 10.0.40219.1
Project("{FAE04EC0-301F-11D3-BF4B-00C04F79EFBC}") = "formulary.Android", "formulary\formulary.Android\formulary.Android.csproj", "{C172937D-8C7E-4634-8E41-1E287F22DA84}"
EndProject
Project("{FAE04EC0-301F-11D3-BF4B-00C04F79EFBC}") = "formulary", "formulary\formulary\formulary.csproj", "{B9020CCC-052A-4B3B-9BF2-2C1E1C153834}"
EndProject
Project("{FAE04EC0-301F-11D3-BF4B-00C04F79EFBC}") = "formulary.UWP", "formulary\formulary.UWP\formulary.UWP.csproj", "{7AF7786C-DEB4-449F-A7B7-3D46623083AB}"
EndProject
Project("{FAE04EC0-301F-11D3-BF4B-00C04F79EFBC}") = "formulary.iOS", "formulary\formulary.iOS\formulary.iOS.csproj", "{1ADC7F6A-102C-4F22-9002-948D9B8F8260}"
EndProject
Global
	GlobalSection(SolutionConfigurationPlatforms) = preSolution
		Ad-Hoc|Any CPU = Ad-Hoc|Any CPU
		Ad-Hoc|ARM = Ad-Hoc|ARM
		Ad-Hoc|iPhone = Ad-Hoc|iPhone
		Ad-Hoc|iPhoneSimulator = Ad-Hoc|iPhoneSimulator
		Ad-Hoc|x64 = Ad-Hoc|x64
		Ad-Hoc|x86 = Ad-Hoc|x86
		AppStore|Any CPU = AppStore|Any CPU
		AppStore|ARM = AppStore|ARM
		AppStore|iPhone = AppStore|iPhone
		AppStore|iPhoneSimulator = AppStore|iPhoneSimulator
		AppStore|x64 = AppStore|x64
		AppStore|x86 = AppStore|x86
		Debug|Any CPU = Debug|Any CPU
		Debug|ARM = Debug|ARM
		Debug|iPhone = Debug|iPhone
		Debug|iPhoneSimulator = Debug|iPhoneSimulator
		Debug|x64 = Debug|x64
		Debug|x86 = Debug|x86
		Release|Any CPU = Release|Any CPU
		Release|ARM = Release|ARM
		Release|iPhone = Release|iPhone
		Release|iPhoneSimulator = Release|iPhoneSimulator
		Release|x64 = Release|x64
		Release|x86 = Release|x86
	EndGlobalSection
	GlobalSection(ProjectConfigurationPlatforms) = postSolution
		{C172937D-8C7E-4634-8E41-1E287F22DA84}.Ad-Hoc|Any CPU.ActiveCfg = Release|Any CPU
		{C172937D-8C7E-4634-8E41-1E287F22DA84}.Ad-Hoc|Any CPU.Build.0 = Release|Any CPU
		{C172937D-8C7E-4634-8E41-1E287F22DA84}.Ad-Hoc|Any CPU.Deploy.0 = Release|Any CPU
		{C172937D-8C7E-4634-8E41-1E287F22DA84}.Ad-Hoc|ARM.ActiveCfg = Release|Any CPU
		{C172937D-8C7E-4634-8E41-1E287F22DA84}.Ad-Hoc|ARM.Build.0 = Release|Any CPU
		{C172937D-8C7E-4634-8E41-1E287F22DA84}.Ad-Hoc|ARM.Deploy.0 = Release|Any CPU
		{C172937D-8C7E-4634-8E41-1E287F22DA84}.Ad-Hoc|iPhone.ActiveCfg = Release|Any CPU
		{C172937D-8C7E-4634-8E41-1E287F22DA84}.Ad-Hoc|iPhone.Build.0 = Release|Any CPU
		{C172937D-8C7E-4634-8E41-1E287F22DA84}.Ad-Hoc|iPhone.Deploy.0 = Release|Any CPU
		{C172937D-8C7E-4634-8E41-1E287F22DA84}.Ad-Hoc|iPhoneSimulator.ActiveCfg = Release|Any CPU
		{C172937D-8C7E-4634-8E41-1E287F22DA84}.Ad-Hoc|iPhoneSimulator.Build.0 = Release|Any CPU
		{C172937D-8C7E-4634-8E41-1E287F22DA84}.Ad-Hoc|iPhoneSimulator.Deploy.0 = Release|Any CPU
		{C172937D-8C7E-4634-8E41-1E287F22DA84}.Ad-Hoc|x64.ActiveCfg = Release|Any CPU
		{C172937D-8C7E-4634-8E41-1E287F22DA84}.Ad-Hoc|x64.Build.0 = Release|Any CPU
		{C172937D-8C7E-4634-8E41-1E287F22DA84}.Ad-Hoc|x64.Deploy.0 = Release|Any CPU
		{C172937D-8C7E-4634-8E41-1E287F22DA84}.Ad-Hoc|x86.ActiveCfg = Release|Any CPU
		{C172937D-8C7E-4634-8E41-1E287F22DA84}.Ad-Hoc|x86.Build.0 = Release|Any CPU
		{C172937D-8C7E-4634-8E41-1E287F22DA84}.Ad-Hoc|x86.Deploy.0 = Release|Any CPU
		{C172937D-8C7E-4634-8E41-1E287F22DA84}.AppStore|Any CPU.ActiveCfg = Release|Any CPU
		{C172937D-8C7E-4634-8E41-1E287F22DA84}.AppStore|Any CPU.Build.0 = Release|Any CPU
		{C172937D-8C7E-4634-8E41-1E287F22DA84}.AppStore|Any CPU.Deploy.0 = Release|Any CPU
		{C172937D-8C7E-4634-8E41-1E287F22DA84}.AppStore|ARM.ActiveCfg = Release|Any CPU
		{C172937D-8C7E-4634-8E41-1E287F22DA84}.AppStore|ARM.Build.0 = Release|Any CPU
		{C172937D-8C7E-4634-8E41-1E287F22DA84}.AppStore|ARM.Deploy.0 = Release|Any CPU
		{C172937D-8C7E-4634-8E41-1E287F22DA84}.AppStore|iPhone.ActiveCfg = Release|Any CPU
		{C172937D-8C7E-4634-8E41-1E287F22DA84}.AppStore|iPhone.Build.0 = Release|Any CPU
		{C172937D-8C7E-4634-8E41-1E287F22DA84}.AppStore|iPhone.Deploy.0 = Release|Any CPU
		{C172937D-8C7E-4634-8E41-1E287F22DA84}.AppStore|iPhoneSimulator.ActiveCfg = Release|Any CPU
		{C172937D-8C7E-4634-8E41-1E287F22DA84}.AppStore|iPhoneSimulator.Build.0 = Release|Any CPU
		{C172937D-8C7E-4634-8E41-1E287F22DA84}.AppStore|iPhoneSimulator.Deploy.0 = Release|Any CPU
		{C172937D-8C7E-4634-8E41-1E287F22DA84}.AppStore|x64.ActiveCfg = Release|Any CPU
		{C172937D-8C7E-4634-8E41-1E287F22DA84}.AppStore|x64.Build.0 = Release|Any CPU
		{C172937D-8C7E-4634-8E41-1E287F22DA84}.AppStore|x64.Deploy.0 = Release|Any CPU
		{C172937D-8C7E-4634-8E41-1E287F22DA84}.AppStore|x86.ActiveCfg = Release|Any CPU
		{C172937D-8C7E-4634-8E41-1E287F22DA84}.AppStore|x86.Build.0 = Release|Any CPU
		{C172937D-8C7E-4634-8E41-1E287F22DA84}.AppStore|x86.Deploy.0 = Release|Any CPU
		{C172937D-8C7E-4634-8E41-1E287F22DA84}.Debug|Any CPU.ActiveCfg = Debug|Any CPU
		{C172937D-8C7E-4634-8E41-1E287F22DA84}.Debug|Any CPU.Build.0 = Debug|Any CPU
		{C172937D-8C7E-4634-8E41-1E287F22DA84}.Debug|Any CPU.Deploy.0 = Debug|Any CPU
		{C172937D-8C7E-4634-8E41-1E287F22DA84}.Debug|ARM.ActiveCfg = Debug|Any CPU
		{C172937D-8C7E-4634-8E41-1E287F22DA84}.Debug|ARM.Build.0 = Debug|Any CPU
		{C172937D-8C7E-4634-8E41-1E287F22DA84}.Debug|ARM.Deploy.0 = Debug|Any CPU
		{C172937D-8C7E-4634-8E41-1E287F22DA84}.Debug|iPhone.ActiveCfg = Debug|Any CPU
		{C172937D-8C7E-4634-8E41-1E287F22DA84}.Debug|iPhone.Build.0 = Debug|Any CPU
		{C172937D-8C7E-4634-8E41-1E287F22DA84}.Debug|iPhone.Deploy.0 = Debug|Any CPU
		{C172937D-8C7E-4634-8E41-1E287F22DA84}.Debug|iPhoneSimulator.ActiveCfg = Debug|Any CPU
		{C172937D-8C7E-4634-8E41-1E287F22DA84}.Debug|iPhoneSimulator.Build.0 = Debug|Any CPU
		{C172937D-8C7E-4634-8E41-1E287F22DA84}.Debug|iPhoneSimulator.Deploy.0 = Debug|Any CPU
		{C172937D-8C7E-4634-8E41-1E287F22DA84}.Debug|x64.ActiveCfg = Debug|Any CPU
		{C172937D-8C7E-4634-8E41-1E287F22DA84}.Debug|x64.Build.0 = Debug|Any CPU
		{C172937D-8C7E-4634-8E41-1E287F22DA84}.Debug|x64.Deploy.0 = Debug|Any CPU
		{C172937D-8C7E-4634-8E41-1E287F22DA84}.Debug|x86.ActiveCfg = Debug|Any CPU
		{C172937D-8C7E-4634-8E41-1E287F22DA84}.Debug|x86.Build.0 = Debug|Any CPU
		{C172937D-8C7E-4634-8E41-1E287F22DA84}.Debug|x86.Deploy.0 = Debug|Any CPU
		{C172937D-8C7E-4634-8E41-1E287F22DA84}.Release|Any CPU.ActiveCfg = Release|Any CPU
		{C172937D-8C7E-4634-8E41-1E287F22DA84}.Release|Any CPU.Build.0 = Release|Any CPU
		{C172937D-8C7E-4634-8E41-1E287F22DA84}.Release|Any CPU.Deploy.0 = Release|Any CPU
		{C172937D-8C7E-4634-8E41-1E287F22DA84}.Release|ARM.ActiveCfg = Release|Any CPU
		{C172937D-8C7E-4634-8E41-1E287F22DA84}.Release|ARM.Build.0 = Release|Any CPU
		{C172937D-8C7E-4634-8E41-1E287F22DA84}.Release|ARM.Deploy.0 = Release|Any CPU
		{C172937D-8C7E-4634-8E41-1E287F22DA84}.Release|iPhone.ActiveCfg = Release|Any CPU
		{C172937D-8C7E-4634-8E41-1E287F22DA84}.Release|iPhone.Build.0 = Release|Any CPU
		{C172937D-8C7E-4634-8E41-1E287F22DA84}.Release|iPhone.Deploy.0 = Release|Any CPU
		{C172937D-8C7E-4634-8E41-1E287F22DA84}.Release|iPhoneSimulator.ActiveCfg = Release|Any CPU
		{C172937D-8C7E-4634-8E41-1E287F22DA84}.Release|iPhoneSimulator.Build.0 = Release|Any CPU
		{C172937D-8C7E-4634-8E41-1E287F22DA84}.Release|iPhoneSimulator.Deploy.0 = Release|Any CPU
		{C172937D-8C7E-4634-8E41-1E287F22DA84}.Release|x64.ActiveCfg = Release|Any CPU
		{C172937D-8C7E-4634-8E41-1E287F22DA84}.Release|x64.Build.0 = Release|Any CPU
		{C172937D-8C7E-4634-8E41-1E287F22DA84}.Release|x64.Deploy.0 = Release|Any CPU
		{C172937D-8C7E-4634-8E41-1E287F22DA84}.Release|x86.ActiveCfg = Release|Any CPU
		{C172937D-8C7E-4634-8E41-1E287F22DA84}.Release|x86.Build.0 = Release|Any CPU
		{C172937D-8C7E-4634-8E41-1E287F22DA84}.Release|x86.Deploy.0 = Release|Any CPU
		{B9020CCC-052A-4B3B-9BF2-2C1E1C153834}.Ad-Hoc|Any CPU.ActiveCfg = Release|Any CPU
		{B9020CCC-052A-4B3B-9BF2-2C1E1C153834}.Ad-Hoc|Any CPU.Build.0 = Release|Any CPU
		{B9020CCC-052A-4B3B-9BF2-2C1E1C153834}.Ad-Hoc|ARM.ActiveCfg = Release|Any CPU
		{B9020CCC-052A-4B3B-9BF2-2C1E1C153834}.Ad-Hoc|ARM.Build.0 = Release|Any CPU
		{B9020CCC-052A-4B3B-9BF2-2C1E1C153834}.Ad-Hoc|iPhone.ActiveCfg = Release|Any CPU
		{B9020CCC-052A-4B3B-9BF2-2C1E1C153834}.Ad-Hoc|iPhone.Build.0 = Release|Any CPU
		{B9020CCC-052A-4B3B-9BF2-2C1E1C153834}.Ad-Hoc|iPhoneSimulator.ActiveCfg = Release|Any CPU
		{B9020CCC-052A-4B3B-9BF2-2C1E1C153834}.Ad-Hoc|iPhoneSimulator.Build.0 = Release|Any CPU
		{B9020CCC-052A-4B3B-9BF2-2C1E1C153834}.Ad-Hoc|x64.ActiveCfg = Release|Any CPU
		{B9020CCC-052A-4B3B-9BF2-2C1E1C153834}.Ad-Hoc|x64.Build.0 = Release|Any CPU
		{B9020CCC-052A-4B3B-9BF2-2C1E1C153834}.Ad-Hoc|x86.ActiveCfg = Release|Any CPU
		{B9020CCC-052A-4B3B-9BF2-2C1E1C153834}.Ad-Hoc|x86.Build.0 = Release|Any CPU
		{B9020CCC-052A-4B3B-9BF2-2C1E1C153834}.AppStore|Any CPU.ActiveCfg = Release|Any CPU
		{B9020CCC-052A-4B3B-9BF2-2C1E1C153834}.AppStore|Any CPU.Build.0 = Release|Any CPU
		{B9020CCC-052A-4B3B-9BF2-2C1E1C153834}.AppStore|ARM.ActiveCfg = Release|Any CPU
		{B9020CCC-052A-4B3B-9BF2-2C1E1C153834}.AppStore|ARM.Build.0 = Release|Any CPU
		{B9020CCC-052A-4B3B-9BF2-2C1E1C153834}.AppStore|iPhone.ActiveCfg = Release|Any CPU
		{B9020CCC-052A-4B3B-9BF2-2C1E1C153834}.AppStore|iPhone.Build.0 = Release|Any CPU
		{B9020CCC-052A-4B3B-9BF2-2C1E1C153834}.AppStore|iPhoneSimulator.ActiveCfg = Release|Any CPU
		{B9020CCC-052A-4B3B-9BF2-2C1E1C153834}.AppStore|iPhoneSimulator.Build.0 = Release|Any CPU
		{B9020CCC-052A-4B3B-9BF2-2C1E1C153834}.AppStore|x64.ActiveCfg = Release|Any CPU
		{B9020CCC-052A-4B3B-9BF2-2C1E1C153834}.AppStore|x64.Build.0 = Release|Any CPU
		{B9020CCC-052A-4B3B-9BF2-2C1E1C153834}.AppStore|x86.ActiveCfg = Release|Any CPU
		{B9020CCC-052A-4B3B-9BF2-2C1E1C153834}.AppStore|x86.Build.0 = Release|Any CPU
		{B9020CCC-052A-4B3B-9BF2-2C1E1C153834}.Debug|Any CPU.ActiveCfg = Debug|Any CPU
		{B9020CCC-052A-4B3B-9BF2-2C1E1C153834}.Debug|Any CPU.Build.0 = Debug|Any CPU
		{B9020CCC-052A-4B3B-9BF2-2C1E1C153834}.Debug|ARM.ActiveCfg = Debug|Any CPU
		{B9020CCC-052A-4B3B-9BF2-2C1E1C153834}.Debug|ARM.Build.0 = Debug|Any CPU
		{B9020CCC-052A-4B3B-9BF2-2C1E1C153834}.Debug|iPhone.ActiveCfg = Debug|Any CPU
		{B9020CCC-052A-4B3B-9BF2-2C1E1C153834}.Debug|iPhone.Build.0 = Debug|Any CPU
		{B9020CCC-052A-4B3B-9BF2-2C1E1C153834}.Debug|iPhoneSimulator.ActiveCfg = Debug|Any CPU
		{B9020CCC-052A-4B3B-9BF2-2C1E1C153834}.Debug|iPhoneSimulator.Build.0 = Debug|Any CPU
		{B9020CCC-052A-4B3B-9BF2-2C1E1C153834}.Debug|x64.ActiveCfg = Debug|Any CPU
		{B9020CCC-052A-4B3B-9BF2-2C1E1C153834}.Debug|x64.Build.0 = Debug|Any CPU
		{B9020CCC-052A-4B3B-9BF2-2C1E1C153834}.Debug|x86.ActiveCfg = Debug|Any CPU
		{B9020CCC-052A-4B3B-9BF2-2C1E1C153834}.Debug|x86.Build.0 = Debug|Any CPU
		{B9020CCC-052A-4B3B-9BF2-2C1E1C153834}.Release|Any CPU.ActiveCfg = Release|Any CPU
		{B9020CCC-052A-4B3B-9BF2-2C1E1C153834}.Release|Any CPU.Build.0 = Release|Any CPU
		{B9020CCC-052A-4B3B-9BF2-2C1E1C153834}.Release|ARM.ActiveCfg = Release|Any CPU
		{B9020CCC-052A-4B3B-9BF2-2C1E1C153834}.Release|ARM.Build.0 = Release|Any CPU
		{B9020CCC-052A-4B3B-9BF2-2C1E1C153834}.Release|iPhone.ActiveCfg = Release|Any CPU
		{B9020CCC-052A-4B3B-9BF2-2C1E1C153834}.Release|iPhone.Build.0 = Release|Any CPU
		{B9020CCC-052A-4B3B-9BF2-2C1E1C153834}.Release|iPhoneSimulator.ActiveCfg = Release|Any CPU
		{B9020CCC-052A-4B3B-9BF2-2C1E1C153834}.Release|iPhoneSimulator.Build.0 = Release|Any CPU
		{B9020CCC-052A-4B3B-9BF2-2C1E1C153834}.Release|x64.ActiveCfg = Release|Any CPU
		{B9020CCC-052A-4B3B-9BF2-2C1E1C153834}.Release|x64.Build.0 = Release|Any CPU
		{B9020CCC-052A-4B3B-9BF2-2C1E1C153834}.Release|x86.ActiveCfg = Release|Any CPU
		{B9020CCC-052A-4B3B-9BF2-2C1E1C153834}.Release|x86.Build.0 = Release|Any CPU
		{7AF7786C-DEB4-449F-A7B7-3D46623083AB}.Ad-Hoc|Any CPU.ActiveCfg = Release|x86
		{7AF7786C-DEB4-449F-A7B7-3D46623083AB}.Ad-Hoc|Any CPU.Build.0 = Release|x86
		{7AF7786C-DEB4-449F-A7B7-3D46623083AB}.Ad-Hoc|Any CPU.Deploy.0 = Release|x86
		{7AF7786C-DEB4-449F-A7B7-3D46623083AB}.Ad-Hoc|ARM.ActiveCfg = Release|ARM
		{7AF7786C-DEB4-449F-A7B7-3D46623083AB}.Ad-Hoc|ARM.Build.0 = Release|ARM
		{7AF7786C-DEB4-449F-A7B7-3D46623083AB}.Ad-Hoc|ARM.Deploy.0 = Release|ARM
		{7AF7786C-DEB4-449F-A7B7-3D46623083AB}.Ad-Hoc|iPhone.ActiveCfg = Release|x86
		{7AF7786C-DEB4-449F-A7B7-3D46623083AB}.Ad-Hoc|iPhone.Build.0 = Release|x86
		{7AF7786C-DEB4-449F-A7B7-3D46623083AB}.Ad-Hoc|iPhone.Deploy.0 = Release|x86
		{7AF7786C-DEB4-449F-A7B7-3D46623083AB}.Ad-Hoc|iPhoneSimulator.ActiveCfg = Release|x86
		{7AF7786C-DEB4-449F-A7B7-3D46623083AB}.Ad-Hoc|iPhoneSimulator.Build.0 = Release|x86
		{7AF7786C-DEB4-449F-A7B7-3D46623083AB}.Ad-Hoc|iPhoneSimulator.Deploy.0 = Release|x86
		{7AF7786C-DEB4-449F-A7B7-3D46623083AB}.Ad-Hoc|x64.ActiveCfg = Release|x64
		{7AF7786C-DEB4-449F-A7B7-3D46623083AB}.Ad-Hoc|x64.Build.0 = Release|x64
		{7AF7786C-DEB4-449F-A7B7-3D46623083AB}.Ad-Hoc|x64.Deploy.0 = Release|x64
		{7AF7786C-DEB4-449F-A7B7-3D46623083AB}.Ad-Hoc|x86.ActiveCfg = Release|x86
		{7AF7786C-DEB4-449F-A7B7-3D46623083AB}.Ad-Hoc|x86.Build.0 = Release|x86
		{7AF7786C-DEB4-449F-A7B7-3D46623083AB}.Ad-Hoc|x86.Deploy.0 = Release|x86
		{7AF7786C-DEB4-449F-A7B7-3D46623083AB}.AppStore|Any CPU.ActiveCfg = Release|x86
		{7AF7786C-DEB4-449F-A7B7-3D46623083AB}.AppStore|Any CPU.Build.0 = Release|x86
		{7AF7786C-DEB4-449F-A7B7-3D46623083AB}.AppStore|Any CPU.Deploy.0 = Release|x86
		{7AF7786C-DEB4-449F-A7B7-3D46623083AB}.AppStore|ARM.ActiveCfg = Release|ARM
		{7AF7786C-DEB4-449F-A7B7-3D46623083AB}.AppStore|ARM.Build.0 = Release|ARM
		{7AF7786C-DEB4-449F-A7B7-3D46623083AB}.AppStore|ARM.Deploy.0 = Release|ARM
		{7AF7786C-DEB4-449F-A7B7-3D46623083AB}.AppStore|iPhone.ActiveCfg = Release|x86
		{7AF7786C-DEB4-449F-A7B7-3D46623083AB}.AppStore|iPhone.Build.0 = Release|x86
		{7AF7786C-DEB4-449F-A7B7-3D46623083AB}.AppStore|iPhone.Deploy.0 = Release|x86
		{7AF7786C-DEB4-449F-A7B7-3D46623083AB}.AppStore|iPhoneSimulator.ActiveCfg = Release|x86
		{7AF7786C-DEB4-449F-A7B7-3D46623083AB}.AppStore|iPhoneSimulator.Build.0 = Release|x86
		{7AF7786C-DEB4-449F-A7B7-3D46623083AB}.AppStore|iPhoneSimulator.Deploy.0 = Release|x86
		{7AF7786C-DEB4-449F-A7B7-3D46623083AB}.AppStore|x64.ActiveCfg = Release|x64
		{7AF7786C-DEB4-449F-A7B7-3D46623083AB}.AppStore|x64.Build.0 = Release|x64
		{7AF7786C-DEB4-449F-A7B7-3D46623083AB}.AppStore|x64.Deploy.0 = Release|x64
		{7AF7786C-DEB4-449F-A7B7-3D46623083AB}.AppStore|x86.ActiveCfg = Release|x86
		{7AF7786C-DEB4-449F-A7B7-3D46623083AB}.AppStore|x86.Build.0 = Release|x86
		{7AF7786C-DEB4-449F-A7B7-3D46623083AB}.AppStore|x86.Deploy.0 = Release|x86
		{7AF7786C-DEB4-449F-A7B7-3D46623083AB}.Debug|Any CPU.ActiveCfg = Debug|x86
		{7AF7786C-DEB4-449F-A7B7-3D46623083AB}.Debug|ARM.ActiveCfg = Debug|ARM
		{7AF7786C-DEB4-449F-A7B7-3D46623083AB}.Debug|ARM.Build.0 = Debug|ARM
		{7AF7786C-DEB4-449F-A7B7-3D46623083AB}.Debug|ARM.Deploy.0 = Debug|ARM
		{7AF7786C-DEB4-449F-A7B7-3D46623083AB}.Debug|iPhone.ActiveCfg = Debug|x86
		{7AF7786C-DEB4-449F-A7B7-3D46623083AB}.Debug|iPhoneSimulator.ActiveCfg = Debug|x86
		{7AF7786C-DEB4-449F-A7B7-3D46623083AB}.Debug|x64.ActiveCfg = Debug|x64
		{7AF7786C-DEB4-449F-A7B7-3D46623083AB}.Debug|x64.Build.0 = Debug|x64
		{7AF7786C-DEB4-449F-A7B7-3D46623083AB}.Debug|x64.Deploy.0 = Debug|x64
		{7AF7786C-DEB4-449F-A7B7-3D46623083AB}.Debug|x86.ActiveCfg = Debug|x86
		{7AF7786C-DEB4-449F-A7B7-3D46623083AB}.Debug|x86.Build.0 = Debug|x86
		{7AF7786C-DEB4-449F-A7B7-3D46623083AB}.Debug|x86.Deploy.0 = Debug|x86
		{7AF7786C-DEB4-449F-A7B7-3D46623083AB}.Release|Any CPU.ActiveCfg = Release|x86
		{7AF7786C-DEB4-449F-A7B7-3D46623083AB}.Release|ARM.ActiveCfg = Release|ARM
		{7AF7786C-DEB4-449F-A7B7-3D46623083AB}.Release|ARM.Build.0 = Release|ARM
		{7AF7786C-DEB4-449F-A7B7-3D46623083AB}.Release|ARM.Deploy.0 = Release|ARM
		{7AF7786C-DEB4-449F-A7B7-3D46623083AB}.Release|iPhone.ActiveCfg = Release|x86
		{7AF7786C-DEB4-449F-A7B7-3D46623083AB}.Release|iPhoneSimulator.ActiveCfg = Release|x86
		{7AF7786C-DEB4-449F-A7B7-3D46623083AB}.Release|x64.ActiveCfg = Release|x64
		{7AF7786C-DEB4-449F-A7B7-3D46623083AB}.Release|x64.Build.0 = Release|x64
		{7AF7786C-DEB4-449F-A7B7-3D46623083AB}.Release|x64.Deploy.0 = Release|x64
		{7AF7786C-DEB4-449F-A7B7-3D46623083AB}.Release|x86.ActiveCfg = Release|x86
		{7AF7786C-DEB4-449F-A7B7-3D46623083AB}.Release|x86.Build.0 = Release|x86
		{7AF7786C-DEB4-449F-A7B7-3D46623083AB}.Release|x86.Deploy.0 = Release|x86
		{1ADC7F6A-102C-4F22-9002-948D9B8F8260}.Ad-Hoc|Any CPU.ActiveCfg = Ad-Hoc|iPhone
		{1ADC7F6A-102C-4F22-9002-948D9B8F8260}.Ad-Hoc|ARM.ActiveCfg = Ad-Hoc|iPhone
		{1ADC7F6A-102C-4F22-9002-948D9B8F8260}.Ad-Hoc|iPhone.ActiveCfg = Ad-Hoc|iPhone
		{1ADC7F6A-102C-4F22-9002-948D9B8F8260}.Ad-Hoc|iPhone.Build.0 = Ad-Hoc|iPhone
		{1ADC7F6A-102C-4F22-9002-948D9B8F8260}.Ad-Hoc|iPhoneSimulator.ActiveCfg = Ad-Hoc|iPhoneSimulator
		{1ADC7F6A-102C-4F22-9002-948D9B8F8260}.Ad-Hoc|iPhoneSimulator.Build.0 = Ad-Hoc|iPhoneSimulator
		{1ADC7F6A-102C-4F22-9002-948D9B8F8260}.Ad-Hoc|x64.ActiveCfg = Ad-Hoc|iPhone
		{1ADC7F6A-102C-4F22-9002-948D9B8F8260}.Ad-Hoc|x86.ActiveCfg = Ad-Hoc|iPhone
		{1ADC7F6A-102C-4F22-9002-948D9B8F8260}.AppStore|Any CPU.ActiveCfg = AppStore|iPhone
		{1ADC7F6A-102C-4F22-9002-948D9B8F8260}.AppStore|ARM.ActiveCfg = AppStore|iPhone
		{1ADC7F6A-102C-4F22-9002-948D9B8F8260}.AppStore|iPhone.ActiveCfg = AppStore|iPhone
		{1ADC7F6A-102C-4F22-9002-948D9B8F8260}.AppStore|iPhone.Build.0 = AppStore|iPhone
		{1ADC7F6A-102C-4F22-9002-948D9B8F8260}.AppStore|iPhoneSimulator.ActiveCfg = AppStore|iPhoneSimulator
		{1ADC7F6A-102C-4F22-9002-948D9B8F8260}.AppStore|iPhoneSimulator.Build.0 = AppStore|iPhoneSimulator
		{1ADC7F6A-102C-4F22-9002-948D9B8F8260}.AppStore|x64.ActiveCfg = AppStore|iPhone
		{1ADC7F6A-102C-4F22-9002-948D9B8F8260}.AppStore|x86.ActiveCfg = AppStore|iPhone
		{1ADC7F6A-102C-4F22-9002-948D9B8F8260}.Debug|Any CPU.ActiveCfg = Debug|iPhone
		{1ADC7F6A-102C-4F22-9002-948D9B8F8260}.Debug|Any CPU.Build.0 = Debug|iPhone
		{1ADC7F6A-102C-4F22-9002-948D9B8F8260}.Debug|ARM.ActiveCfg = Debug|iPhone
		{1ADC7F6A-102C-4F22-9002-948D9B8F8260}.Debug|iPhone.ActiveCfg = Debug|iPhone
		{1ADC7F6A-102C-4F22-9002-948D9B8F8260}.Debug|iPhone.Build.0 = Debug|iPhone
		{1ADC7F6A-102C-4F22-9002-948D9B8F8260}.Debug|iPhoneSimulator.ActiveCfg = Debug|iPhoneSimulator
		{1ADC7F6A-102C-4F22-9002-948D9B8F8260}.Debug|iPhoneSimulator.Build.0 = Debug|iPhoneSimulator
		{1ADC7F6A-102C-4F22-9002-948D9B8F8260}.Debug|x64.ActiveCfg = Debug|iPhone
		{1ADC7F6A-102C-4F22-9002-948D9B8F8260}.Debug|x86.ActiveCfg = Debug|iPhone
		{1ADC7F6A-102C-4F22-9002-948D9B8F8260}.Release|Any CPU.ActiveCfg = Release|iPhone
		{1ADC7F6A-102C-4F22-9002-948D9B8F8260}.Release|ARM.ActiveCfg = Release|iPhone
		{1ADC7F6A-102C-4F22-9002-948D9B8F8260}.Release|iPhone.ActiveCfg = Release|iPhone
		{1ADC7F6A-102C-4F22-9002-948D9B8F8260}.Release|iPhone.Build.0 = Release|iPhone
		{1ADC7F6A-102C-4F22-9002-948D9B8F8260}.Release|iPhoneSimulator.ActiveCfg = Release|iPhoneSimulator
		{1ADC7F6A-102C-4F22-9002-948D9B8F8260}.Release|iPhoneSimulator.Build.0 = Release|iPhoneSimulator
		{1ADC7F6A-102C-4F22-9002-948D9B8F8260}.Release|x64.ActiveCfg = Release|iPhone
		{1ADC7F6A-102C-4F22-9002-948D9B8F8260}.Release|x86.ActiveCfg = Release|iPhone
	EndGlobalSection
	GlobalSection(SolutionProperties) = preSolution
		HideSolutionNode = FALSE
	EndGlobalSection
	GlobalSection(ExtensibilityGlobals) = postSolution
		SolutionGuid = {EA1A25C7-725F-4765-9E37-2DD3C32AC533}
	EndGlobalSection
EndGlobal
